
Microsoft Visual Studio Solution File, Format Version 12.00
# Visual Studio 15
VisualStudioVersion = 15.0.28010.0
MinimumVisualStudioVersion = 10.0.40219.1
Project("{FAE04EC0-301F-11D3-BF4B-00C04F79EFBC}") = "mantis-tests", "mantis-tests\mantis-tests.csproj", "{D927E402-FA39-4256-BFB6-38AEF796AAAF}"
EndProject
Global
	GlobalSection(SolutionConfigurationPlatforms) = preSolution
		Debug|Any CPU = Debug|Any CPU
		Release|Any CPU = Release|Any CPU
	EndGlobalSection
	GlobalSection(ProjectConfigurationPlatforms) = postSolution
		{D927E402-FA39-4256-BFB6-38AEF796AAAF}.Debug|Any CPU.ActiveCfg = Debug|Any CPU
		{D927E402-FA39-4256-BFB6-38AEF796AAAF}.Debug|Any CPU.Build.0 = Debug|Any CPU
		{D927E402-FA39-4256-BFB6-38AEF796AAAF}.Release|Any CPU.ActiveCfg = Release|Any CPU
		{D927E402-FA39-4256-BFB6-38AEF796AAAF}.Release|Any CPU.Build.0 = Release|Any CPU
	EndGlobalSection
	GlobalSection(SolutionProperties) = preSolution
		HideSolutionNode = FALSE
	EndGlobalSection
	GlobalSection(ExtensibilityGlobals) = postSolution
		SolutionGuid = {4DAB3DE2-B1F0-473F-AC2B-C99138B20880}
	EndGlobalSection
EndGlobal
